ks-prophius-project/prophius-project (master)
$ terraform plan -lock=false
module.vpc.aws_vpc.eks_vpc: Refreshing state... [id=vpc-02c02dad88f69c9d2]
module.key_pair.data.aws_key_pair.Demo-key: Reading...
module.eks.data.aws_availability_zones.available_zones: Reading...
module.eks.data.aws_ami.amazon_linux_2: Reading...
module.vpc.data.aws_availability_zones.available_zones: Reading...
module.vpc.data.aws_availability_zones.available_zones: Read complete after 2s [id=us-east-2]
module.key_pair.data.aws_key_pair.Demo-key: Read complete after 3s [id=key-02177015b89b22d33]
module.eks.data.aws_ami.amazon_linux_2: Read complete after 3s [id=ami-07b36ea9852e986ad]
module.eks.data.aws_availability_zones.available_zones: Read complete after 3s [id=us-east-2]
module.vpc.aws_subnet.public_subnet_az1: Refreshing state... [id=subnet-048a7ae62066ffb2b]
module.vpc.aws_subnet.public_subnet_az2: Refreshing state... [id=subnet-05ca1de724f91b71e]
module.vpc.aws_db_subnet_group.prophius-db-subnet: Refreshing state... [id=prophius-subnet-group]
module.vpc.aws_db_instance.prophius: Refreshing state... [id=db-ZHCSZ2HKATPN62KAQ3LKRQXKRA]

Note: Objects have changed outside of Terraform

Terraform detected the following changes made outside of Terraform since the last "terraform apply" which may have affected this plan:      

  # module.vpc.aws_db_instance.prophius has been deleted
  - resource "aws_db_instance" "prophius" {
      - endpoint                              = "terraform-20231028030712846300000001.cku8gzsh3acg.us-east-2.rds.amazonaws.com:3306" -> null
        id                                    = "db-ZHCSZ2HKATPN62KAQ3LKRQXKRA"
        tags                                  = {}
      - username                              = "admin" -> null
        # (49 unchanged attributes hidden)
    }


Unless you have made equivalent changes to your configuration, or ignored the relevant attributes using ignore_changes, the following plan may include actions to undo  
or respond to these changes.

─────────────────────────────────────────────────────────────────────────────────────────────────────────────────────────────────────────────────────────────────────── 

Terraform used the selected providers to generate the following execution plan. Resource actions are indicated with the following symbols:
  + create

Terraform will perform the following actions:

  # module.eks.aws_eks_cluster.eks will be created
  + resource "aws_eks_cluster" "eks" {
      + arn                   = (known after apply)
      + certificate_authority = (known after apply)
      + cluster_id            = (known after apply)
      + created_at            = (known after apply)
      + endpoint              = (known after apply)
      + id                    = (known after apply)
      + identity              = (known after apply)
      + name                  = "PROPHIUS-AWS-EKS"
      + platform_version      = (known after apply)
      + role_arn              = (known after apply)
      + status                = (known after apply)
      + tags                  = {
          + "key"   = "Prod"
          + "value" = "Production"
        }
      + tags_all              = {
          + "key"   = "Prod"
          + "value" = "Production"
        }
      + version               = (known after apply)

      + vpc_config {
          + cluster_security_group_id = (known after apply)
          + endpoint_private_access   = false
          + endpoint_public_access    = true
          + public_access_cidrs       = (known after apply)
          + subnet_ids                = [
              + "subnet-048a7ae62066ffb2b",
              + "subnet-05ca1de724f91b71e",
            ]
          + vpc_id                    = (known after apply)
        }
    }

  # module.eks.aws_eks_node_group.node-grp will be created
  + resource "aws_eks_node_group" "node-grp" {
      + ami_type               = (known after apply)
      + arn                    = (known after apply)
      + capacity_type          = "ON_DEMAND"
      + cluster_name           = "PROPHIUS-AWS-EKS"
      + disk_size              = 20
      + id                     = (known after apply)
      + instance_types         = [
          + "t2.micro",
        ]
      + labels                 = {
          + "env" = "Prod"
        }
      + node_group_name        = "Worker-Node-Group"
      + node_group_name_prefix = (known after apply)
      + node_role_arn          = (known after apply)
      + release_version        = (known after apply)
      + resources              = (known after apply)
      + status                 = (known after apply)
      + subnet_ids             = [
          + "subnet-048a7ae62066ffb2b",
          + "subnet-05ca1de724f91b71e",
        ]
      + tags_all               = (known after apply)
      + version                = (known after apply)

      + remote_access {
          + ec2_ssh_key               = "Demo-key"
          + source_security_group_ids = (known after apply)
        }

      + scaling_config {
          + desired_size = 2
          + max_size     = 2
          + min_size     = 1
        }

      + update_config {
          + max_unavailable = 1
        }
    }

  # module.eks.aws_instance.kubectl-server will be created
  + resource "aws_instance" "kubectl-server" {
      + ami                                  = "ami-07b36ea9852e986ad"
      + arn                                  = (known after apply)
      + associate_public_ip_address          = true
      + availability_zone                    = (known after apply)
      + cpu_core_count                       = (known after apply)
      + cpu_threads_per_core                 = (known after apply)
      + disable_api_stop                     = (known after apply)
      + disable_api_termination              = (known after apply)
      + ebs_optimized                        = (known after apply)
      + get_password_data                    = false
      + host_id                              = (known after apply)
      + host_resource_group_arn              = (known after apply)
      + iam_instance_profile                 = (known after apply)
      + id                                   = (known after apply)
      + instance_initiated_shutdown_behavior = (known after apply)
      + instance_lifecycle                   = (known after apply)
      + instance_state                       = (known after apply)
      + instance_type                        = "t2.micro"
      + ipv6_address_count                   = (known after apply)
      + ipv6_addresses                       = (known after apply)
      + key_name                             = "Demo-key"
      + monitoring                           = (known after apply)
      + outpost_arn                          = (known after apply)
      + password_data                        = (known after apply)
      + placement_group                      = (known after apply)
      + placement_partition_number           = (known after apply)
      + primary_network_interface_id         = (known after apply)
      + private_dns                          = (known after apply)
      + private_ip                           = (known after apply)
      + public_dns                           = (known after apply)
      + public_ip                            = (known after apply)
      + secondary_private_ips                = (known after apply)
      + security_groups                      = (known after apply)
      + source_dest_check                    = true
      + spot_instance_request_id             = (known after apply)
      + subnet_id                            = "subnet-048a7ae62066ffb2b"
      + tags                                 = {
          + "Env"  = "Prod"
          + "Name" = "AWS-EKS-cluster-prophius-project-kubectl"
          + "Type" = "Production"
        }
      + tags_all                             = {
          + "Env"  = "Prod"
          + "Name" = "AWS-EKS-cluster-prophius-project-kubectl"
          + "Type" = "Production"
        }
      + tenancy                              = (known after apply)
      + user_data                            = (known after apply)
      + user_data_base64                     = (known after apply)
      + user_data_replace_on_change          = false
      + vpc_security_group_ids               = (known after apply)
    }

  # module.iam.aws_iam_instance_profile.worker will be created
  + resource "aws_iam_instance_profile" "worker" {
      + arn         = (known after apply)
      + create_date = (known after apply)
      + id          = (known after apply)
      + name        = "EKS-worker-node-profile"
      + name_prefix = (known after apply)
      + path        = "/"
      + role        = "ed-eks-worker"
      + tags_all    = (known after apply)
      + unique_id   = (known after apply)
    }

  # module.iam.aws_iam_policy.autoscaler will be created
  + resource "aws_iam_policy" "autoscaler" {
      + arn         = (known after apply)
      + id          = (known after apply)
      + name        = "ed-eks-autoscaler-policy"
      + name_prefix = (known after apply)
      + path        = "/"
      + policy      = jsonencode(
            {
              + Statement = [
                  + {
                      + Action   = [
                          + "autoscaling:DescribeAutoScalingGroups",
                          + "autoscaling:DescribeAutoScalingInstances",
                          + "autoscaling:DescribeTags",
                          + "autoscaling:DescribeLaunchConfigurations",
                          + "autoscaling:SetDesiredCapacity",
                          + "autoscaling:TerminateInstanceInAutoScalingGroup",
                          + "ec2:DescribeLaunchTemplateVersions",
                        ]
                      + Effect   = "Allow"
                      + Resource = "*"
                    },
                ]
              + Version   = "2012-10-17"
            }
        )
      + policy_id   = (known after apply)
      + tags_all    = (known after apply)
    }

  # module.iam.aws_iam_role.master will be created
  + resource "aws_iam_role" "master" {
      + arn                   = (known after apply)
      + assume_role_policy    = jsonencode(
            {
              + Statement = [
                  + {
                      + Action    = "sts:AssumeRole"
                      + Effect    = "Allow"
                      + Principal = {
                          + Service = "eks.amazonaws.com"
                        }
                    },
                ]
              + Version   = "2012-10-17"
            }
        )
      + create_date           = (known after apply)
      + force_detach_policies = false
      + id                    = (known after apply)
      + managed_policy_arns   = (known after apply)
      + max_session_duration  = 3600
      + name                  = "EKS-Master"
      + name_prefix           = (known after apply)
      + path                  = "/"
      + tags_all              = (known after apply)
      + unique_id             = (known after apply)
    }

  # module.iam.aws_iam_role.worker will be created
  + resource "aws_iam_role" "worker" {
      + arn                   = (known after apply)
      + assume_role_policy    = jsonencode(
            {
              + Statement = [
                  + {
                      + Action    = "sts:AssumeRole"
                      + Effect    = "Allow"
                      + Principal = {
                          + Service = "ec2.amazonaws.com"
                        }
                    },
                ]
              + Version   = "2012-10-17"
            }
        )
      + create_date           = (known after apply)
      + force_detach_policies = false
      + id                    = (known after apply)
      + managed_policy_arns   = (known after apply)
      + max_session_duration  = 3600
      + name                  = "ed-eks-worker"
      + name_prefix           = (known after apply)
      + path                  = "/"
      + tags_all              = (known after apply)
      + unique_id             = (known after apply)
    }

  # module.iam.aws_iam_role_policy_attachment.AmazonEC2ContainerRegistryReadOnly will be created
  + resource "aws_iam_role_policy_attachment" "AmazonEC2ContainerRegistryReadOnly" {
      + id         = (known after apply)
      + policy_arn = "arn:aws:iam::aws:policy/AmazonEC2ContainerRegistryReadOnly"
      + role       = "ed-eks-worker"
    }

  # module.iam.aws_iam_role_policy_attachment.AmazonEKSClusterPolicy will be created
  + resource "aws_iam_role_policy_attachment" "AmazonEKSClusterPolicy" {
      + id         = (known after apply)
      + policy_arn = "arn:aws:iam::aws:policy/AmazonEKSClusterPolicy"
      + role       = "EKS-Master"
    }

  # module.iam.aws_iam_role_policy_attachment.AmazonEKSServicePolicy will be created
  + resource "aws_iam_role_policy_attachment" "AmazonEKSServicePolicy" {
      + id         = (known after apply)
      + policy_arn = "arn:aws:iam::aws:policy/AmazonEKSServicePolicy"
      + role       = "EKS-Master"
    }

  # module.iam.aws_iam_role_policy_attachment.AmazonEKSVPCResourceController will be created
  + resource "aws_iam_role_policy_attachment" "AmazonEKSVPCResourceController" {
      + id         = (known after apply)
      + policy_arn = "arn:aws:iam::aws:policy/AmazonEKSVPCResourceController"
      + role       = "EKS-Master"
    }

  # module.iam.aws_iam_role_policy_attachment.AmazonEKSWorkerNodePolicy will be created
  + resource "aws_iam_role_policy_attachment" "AmazonEKSWorkerNodePolicy" {
      + id         = (known after apply)
      + policy_arn = "arn:aws:iam::aws:policy/AmazonEKSWorkerNodePolicy"
      + role       = "ed-eks-worker"
    }

  # module.iam.aws_iam_role_policy_attachment.AmazonEKS_CNI_Policy will be created
  + resource "aws_iam_role_policy_attachment" "AmazonEKS_CNI_Policy" {
      + id         = (known after apply)
      + policy_arn = "arn:aws:iam::aws:policy/AmazonEKS_CNI_Policy"
      + role       = "ed-eks-worker"
    }

  # module.iam.aws_iam_role_policy_attachment.AmazonSSMManagedInstanceCore will be created
  + resource "aws_iam_role_policy_attachment" "AmazonSSMManagedInstanceCore" {
      + id         = (known after apply)
      + policy_arn = "arn:aws:iam::aws:policy/AmazonSSMManagedInstanceCore"
      + role       = "ed-eks-worker"
    }

  # module.iam.aws_iam_role_policy_attachment.autoscaler will be created
  + resource "aws_iam_role_policy_attachment" "autoscaler" {
      + id         = (known after apply)
      + policy_arn = (known after apply)
      + role       = "ed-eks-worker"
    }

  # module.iam.aws_iam_role_policy_attachment.s3 will be created
  + resource "aws_iam_role_policy_attachment" "s3" {
      + id         = (known after apply)
      + policy_arn = "arn:aws:iam::aws:policy/AmazonS3ReadOnlyAccess"
      + role       = "ed-eks-worker"
    }

  # module.iam.aws_iam_role_policy_attachment.x-ray will be created
  + resource "aws_iam_role_policy_attachment" "x-ray" {
      + id         = (known after apply)
      + policy_arn = "arn:aws:iam::aws:policy/AWSXRayDaemonWriteAccess"
      + role       = "ed-eks-worker"
    }

  # module.security_groups.aws_security_group.eks_security_group will be created
  + resource "aws_security_group" "eks_security_group" {
      + arn                    = (known after apply)
      + description            = "Managed by Terraform"
      + egress                 = [
          + {
              + cidr_blocks      = [
                  + "0.0.0.0/0",
                ]
              + description      = "outbound access"
              + from_port        = 0
              + ipv6_cidr_blocks = []
              + prefix_list_ids  = []
              + protocol         = "-1"
              + security_groups  = []
              + self             = false
              + to_port          = 0
            },
        ]
      + id                     = (known after apply)
      + ingress                = [
          + {
              + cidr_blocks      = [
                  + "0.0.0.0/0",
                ]
              + description      = "HTTP access"
              + from_port        = 80
              + ipv6_cidr_blocks = []
              + prefix_list_ids  = []
              + protocol         = "tcp"
              + security_groups  = []
              + self             = false
              + to_port          = 80
            },
          + {
              + cidr_blocks      = [
                  + "0.0.0.0/0",
                ]
              + description      = "HTTPS port"
              + from_port        = 443
              + ipv6_cidr_blocks = []
              + prefix_list_ids  = []
              + protocol         = "tcp"
              + security_groups  = []
              + self             = false
              + to_port          = 443
            },
          + {
              + cidr_blocks      = [
                  + "0.0.0.0/0",
                ]
              + description      = "SSH access"
              + from_port        = 22
              + ipv6_cidr_blocks = []
              + prefix_list_ids  = []
              + protocol         = "tcp"
              + security_groups  = []
              + self             = false
              + to_port          = 22
            },
        ]
      + name                   = "SH security group"
      + name_prefix            = (known after apply)
      + owner_id               = (known after apply)
      + revoke_rules_on_delete = false
      + tags                   = {
          + "Env"  = "Prod"
          + "Name" = "AWS-EKS-cluster-prophius-project-EKS-security-group"
          + "Type" = "Production"
        }
      + tags_all               = {
          + "Env"  = "Prod"
          + "Name" = "AWS-EKS-cluster-prophius-project-EKS-security-group"
          + "Type" = "Production"
        }
      + vpc_id                 = "vpc-02c02dad88f69c9d2"
    }

  # module.vpc.aws_db_instance.prophius will be created
  + resource "aws_db_instance" "prophius" {
      + address                               = (known after apply)
      + allocated_storage                     = 20
      + apply_immediately                     = false
      + arn                                   = (known after apply)
      + auto_minor_version_upgrade            = true
      + availability_zone                     = (known after apply)
      + backup_retention_period               = (known after apply)
      + backup_target                         = (known after apply)
      + backup_window                         = (known after apply)
      + ca_cert_identifier                    = (known after apply)
      + character_set_name                    = (known after apply)
      + copy_tags_to_snapshot                 = false
      + db_name                               = (known after apply)
      + db_subnet_group_name                  = "prophius-subnet-group"
      + delete_automated_backups              = true
      + endpoint                              = (known after apply)
      + engine                                = "mysql"
      + engine_version                        = "5.7"
      + engine_version_actual                 = (known after apply)
      + hosted_zone_id                        = (known after apply)
      + id                                    = (known after apply)
      + identifier                            = (known after apply)
      + identifier_prefix                     = (known after apply)
      + instance_class                        = "db.t2.micro"
      + iops                                  = (known after apply)
      + kms_key_id                            = (known after apply)
      + latest_restorable_time                = (known after apply)
      + license_model                         = (known after apply)
      + listener_endpoint                     = (known after apply)
      + maintenance_window                    = (known after apply)
      + master_user_secret                    = (known after apply)
      + master_user_secret_kms_key_id         = (known after apply)
      + monitoring_interval                   = 0
      + monitoring_role_arn                   = (known after apply)
      + multi_az                              = (known after apply)
      + nchar_character_set_name              = (known after apply)
      + network_type                          = (known after apply)
      + option_group_name                     = (known after apply)
      + parameter_group_name                  = (known after apply)
      + password                              = (sensitive value)
      + performance_insights_enabled          = false
      + performance_insights_kms_key_id       = (known after apply)
      + performance_insights_retention_period = (known after apply)
      + port                                  = (known after apply)
      + publicly_accessible                   = false
      + replica_mode                          = (known after apply)
      + replicas                              = (known after apply)
      + resource_id                           = (known after apply)
      + skip_final_snapshot                   = true
      + snapshot_identifier                   = (known after apply)
      + status                                = (known after apply)
      + storage_throughput                    = (known after apply)
      + storage_type                          = "gp2"
      + tags_all                              = (known after apply)
      + timezone                              = (known after apply)
      + username                              = "AWS-EKS-cluster-prophius-project"
      + vpc_security_group_ids                = (known after apply)
    }

  # module.vpc.aws_ecr_repository.prophius will be created
  + resource "aws_ecr_repository" "prophius" {
      + arn                  = (known after apply)
      + id                   = (known after apply)
      + image_tag_mutability = "MUTABLE"
      + name                 = "prophius-ecr-repo"
      + registry_id          = (known after apply)
      + repository_url       = (known after apply)
      + tags_all             = (known after apply)
    }

  # module.vpc.aws_internet_gateway.eks_internet_gateway will be created
  + resource "aws_internet_gateway" "eks_internet_gateway" {
      + arn      = (known after apply)
      + id       = (known after apply)
      + owner_id = (known after apply)
      + tags     = {
          + "Env"  = "Prod"
          + "Name" = "AWS-EKS-cluster-prophius-project-igw"
          + "Type" = "Production"
        }
      + tags_all = {
          + "Env"  = "Prod"
          + "Name" = "AWS-EKS-cluster-prophius-project-igw"
          + "Type" = "Production"
        }
      + vpc_id   = "vpc-02c02dad88f69c9d2"
    }

  # module.vpc.aws_route_table.public_route_table will be created
  + resource "aws_route_table" "public_route_table" {
      + arn              = (known after apply)
      + id               = (known after apply)
      + owner_id         = (known after apply)
      + propagating_vgws = (known after apply)
      + route            = [
          + {
              + carrier_gateway_id         = ""
              + cidr_block                 = "0.0.0.0/0"
              + core_network_arn           = ""
              + destination_prefix_list_id = ""
              + egress_only_gateway_id     = ""
              + gateway_id                 = (known after apply)
              + ipv6_cidr_block            = ""
              + local_gateway_id           = ""
              + nat_gateway_id             = ""
              + network_interface_id       = ""
              + transit_gateway_id         = ""
              + vpc_endpoint_id            = ""
              + vpc_peering_connection_id  = ""
            },
        ]
      + tags             = {
          + "Env"  = "Prod"
          + "Name" = "Public Route Table"
          + "Type" = "Production"
        }
      + tags_all         = {
          + "Env"  = "Prod"
          + "Name" = "Public Route Table"
          + "Type" = "Production"
        }
      + vpc_id           = "vpc-02c02dad88f69c9d2"
    }

  # module.vpc.aws_route_table_association.public_subnet_az1_route_table_association will be created
  + resource "aws_route_table_association" "public_subnet_az1_route_table_association" {
      + id             = (known after apply)
      + route_table_id = (known after apply)
      + subnet_id      = "subnet-048a7ae62066ffb2b"
    }

  # module.vpc.aws_route_table_association.public_subnet_az2_route_table_association will be created
  + resource "aws_route_table_association" "public_subnet_az2_route_table_association" {
      + id             = (known after apply)
      + route_table_id = (known after apply)
      + subnet_id      = "subnet-05ca1de724f91b71e"
    }

Plan: 24 to add, 0 to change, 0 to destroy.